// !$*UTF8*$!
{
	archiveVersion = 1;
	classes = {
	};
	objectVersion = 50;
	objects = {

/* Begin PBXBuildFile section */
		FA316E0F28831840009800D2 /* AppDelegate.swift in Sources */ = {isa = PBXBuildFile; fileRef = FA316E0E28831840009800D2 /* AppDelegate.swift */; };
		FA316E1128831840009800D2 /* SceneDelegate.swift in Sources */ = {isa = PBXBuildFile; fileRef = FA316E1028831840009800D2 /* SceneDelegate.swift */; };
		FA316E1328831840009800D2 /* CarsViewController.swift in Sources */ = {isa = PBXBuildFile; fileRef = FA316E1228831840009800D2 /* CarsViewController.swift */; };
		FA316E1628831840009800D2 /* Main.storyboard in Resources */ = {isa = PBXBuildFile; fileRef = FA316E1428831840009800D2 /* Main.storyboard */; };
		FA316E1B28831842009800D2 /* Assets.xcassets in Resources */ = {isa = PBXBuildFile; fileRef = FA316E1A28831842009800D2 /* Assets.xcassets */; };
		FA316E1E28831842009800D2 /* LaunchScreen.storyboard in Resources */ = {isa = PBXBuildFile; fileRef = FA316E1C28831842009800D2 /* LaunchScreen.storyboard */; };
		FA316E2928831842009800D2 /* GuidomiaTests.swift in Sources */ = {isa = PBXBuildFile; fileRef = FA316E2828831842009800D2 /* GuidomiaTests.swift */; };
		FA316E472883201D009800D2 /* car_list.json in Resources */ = {isa = PBXBuildFile; fileRef = FA316E462883201D009800D2 /* car_list.json */; };
		FA316E4A28832105009800D2 /* Car.swift in Sources */ = {isa = PBXBuildFile; fileRef = FA316E4928832105009800D2 /* Car.swift */; };
		FA316E4E288322AE009800D2 /* CarsPresenter.swift in Sources */ = {isa = PBXBuildFile; fileRef = FA316E4D288322AE009800D2 /* CarsPresenter.swift */; };
		FA7871652884A50C00F5E6AE /* HeaderImage.swift in Sources */ = {isa = PBXBuildFile; fileRef = FA7871642884A50C00F5E6AE /* HeaderImage.swift */; };
		FA7871672884A51C00F5E6AE /* HeaderImage.xib in Resources */ = {isa = PBXBuildFile; fileRef = FA7871662884A51C00F5E6AE /* HeaderImage.xib */; };
		FA78716A2884B9EA00F5E6AE /* UIColor.swift in Sources */ = {isa = PBXBuildFile; fileRef = FA7871692884B9EA00F5E6AE /* UIColor.swift */; };
		FA7871702884BBC100F5E6AE /* NavigationBar.xib in Resources */ = {isa = PBXBuildFile; fileRef = FA78716F2884BBC100F5E6AE /* NavigationBar.xib */; };
		FA7871742884C2A900F5E6AE /* CarTableViewCell.swift in Sources */ = {isa = PBXBuildFile; fileRef = FA7871722884C2A900F5E6AE /* CarTableViewCell.swift */; };
		FA7871752884C2A900F5E6AE /* CarTableViewCell.xib in Resources */ = {isa = PBXBuildFile; fileRef = FA7871732884C2A900F5E6AE /* CarTableViewCell.xib */; };
		FA7871782884C2C100F5E6AE /* ExpandedCarTableViewCell.swift in Sources */ = {isa = PBXBuildFile; fileRef = FA7871762884C2C100F5E6AE /* ExpandedCarTableViewCell.swift */; };
		FA7871792884C2C100F5E6AE /* ExpandedCarTableViewCell.xib in Resources */ = {isa = PBXBuildFile; fileRef = FA7871772884C2C100F5E6AE /* ExpandedCarTableViewCell.xib */; };
		FA78717B2884E08500F5E6AE /* FetchCars.swift in Sources */ = {isa = PBXBuildFile; fileRef = FA78717A2884E08500F5E6AE /* FetchCars.swift */; };
		FA78717D2884E12C00F5E6AE /* CarsService.swift in Sources */ = {isa = PBXBuildFile; fileRef = FA78717C2884E12C00F5E6AE /* CarsService.swift */; };
		FA7871802884E6DB00F5E6AE /* LabelViewModel.swift in Sources */ = {isa = PBXBuildFile; fileRef = FA78717F2884E6DB00F5E6AE /* LabelViewModel.swift */; };
		FA7871832884EF6300F5E6AE /* SeparatorTableViewCell.swift in Sources */ = {isa = PBXBuildFile; fileRef = FA7871812884EF6300F5E6AE /* SeparatorTableViewCell.swift */; };
		FA7871842884EF6300F5E6AE /* SeparatorTableViewCell.xib in Resources */ = {isa = PBXBuildFile; fileRef = FA7871822884EF6300F5E6AE /* SeparatorTableViewCell.xib */; };
		FA7871862884F25500F5E6AE /* CarsTableViewCellFactory.swift in Sources */ = {isa = PBXBuildFile; fileRef = FA7871852884F25500F5E6AE /* CarsTableViewCellFactory.swift */; };
		FA7871882884F75C00F5E6AE /* FetchImage.swift in Sources */ = {isa = PBXBuildFile; fileRef = FA7871872884F75C00F5E6AE /* FetchImage.swift */; };
		FA78718B28851BC000F5E6AE /* FilterView.swift in Sources */ = {isa = PBXBuildFile; fileRef = FA78718A28851BC000F5E6AE /* FilterView.swift */; };
		FA78718D28851BD400F5E6AE /* FilterView.xib in Resources */ = {isa = PBXBuildFile; fileRef = FA78718C28851BD400F5E6AE /* FilterView.xib */; };
		FA78718F2885F06600F5E6AE /* CustomView.swift in Sources */ = {isa = PBXBuildFile; fileRef = FA78718E2885F06600F5E6AE /* CustomView.swift */; };
		FA7871912885F24300F5E6AE /* CarsTableViewItem.swift in Sources */ = {isa = PBXBuildFile; fileRef = FA7871902885F24300F5E6AE /* CarsTableViewItem.swift */; };
		FA7871952886083400F5E6AE /* CarsStorage.swift in Sources */ = {isa = PBXBuildFile; fileRef = FA7871942886083400F5E6AE /* CarsStorage.swift */; };
		FA9FFAC8288722BA0081AAB3 /* NavigationBar.swift in Sources */ = {isa = PBXBuildFile; fileRef = FA9FFAC7288722BA0081AAB3 /* NavigationBar.swift */; };
/* End PBXBuildFile section */

/* Begin PBXContainerItemProxy section */
		FA316E2528831842009800D2 /* PBXContainerItemProxy */ = {
			isa = PBXContainerItemProxy;
			containerPortal = FA316E0328831840009800D2 /* Project object */;
			proxyType = 1;
			remoteGlobalIDString = FA316E0A28831840009800D2;
			remoteInfo = Guidomia;
		};
/* End PBXContainerItemProxy section */

/* Begin PBXFileReference section */
		FA316E0B28831840009800D2 /* Guidomia.app */ = {isa = PBXFileReference; explicitFileType = wrapper.application; includeInIndex = 0; path = Guidomia.app; sourceTree = BUILT_PRODUCTS_DIR; };
		FA316E0E28831840009800D2 /* AppDelegate.swift */ = {isa = PBXFileReference; lastKnownFileType = sourcecode.swift; path = AppDelegate.swift; sourceTree = "<group>"; };
		FA316E1028831840009800D2 /* SceneDelegate.swift */ = {isa = PBXFileReference; lastKnownFileType = sourcecode.swift; path = SceneDelegate.swift; sourceTree = "<group>"; };
		FA316E1228831840009800D2 /* CarsViewController.swift */ = {isa = PBXFileReference; lastKnownFileType = sourcecode.swift; path = CarsViewController.swift; sourceTree = "<group>"; };
		FA316E1528831840009800D2 /* Base */ = {isa = PBXFileReference; lastKnownFileType = file.storyboard; name = Base; path = Base.lproj/Main.storyboard; sourceTree = "<group>"; };
		FA316E1A28831842009800D2 /* Assets.xcassets */ = {isa = PBXFileReference; lastKnownFileType = folder.assetcatalog; path = Assets.xcassets; sourceTree = "<group>"; };
		FA316E1D28831842009800D2 /* Base */ = {isa = PBXFileReference; lastKnownFileType = file.storyboard; name = Base; path = Base.lproj/LaunchScreen.storyboard; sourceTree = "<group>"; };
		FA316E1F28831842009800D2 /* Info.plist */ = {isa = PBXFileReference; lastKnownFileType = text.plist.xml; path = Info.plist; sourceTree = "<group>"; };
		FA316E2428831842009800D2 /* GuidomiaTests.xctest */ = {isa = PBXFileReference; explicitFileType = wrapper.cfbundle; includeInIndex = 0; path = GuidomiaTests.xctest; sourceTree = BUILT_PRODUCTS_DIR; };
		FA316E2828831842009800D2 /* GuidomiaTests.swift */ = {isa = PBXFileReference; lastKnownFileType = sourcecode.swift; path = GuidomiaTests.swift; sourceTree = "<group>"; };
		FA316E2A28831842009800D2 /* Info.plist */ = {isa = PBXFileReference; lastKnownFileType = text.plist.xml; path = Info.plist; sourceTree = "<group>"; };
		FA316E462883201D009800D2 /* car_list.json */ = {isa = PBXFileReference; fileEncoding = 4; lastKnownFileType = text.json; path = car_list.json; sourceTree = "<group>"; };
		FA316E4928832105009800D2 /* Car.swift */ = {isa = PBXFileReference; lastKnownFileType = sourcecode.swift; path = Car.swift; sourceTree = "<group>"; };
		FA316E4D288322AE009800D2 /* CarsPresenter.swift */ = {isa = PBXFileReference; lastKnownFileType = sourcecode.swift; path = CarsPresenter.swift; sourceTree = "<group>"; };
		FA7871642884A50C00F5E6AE /* HeaderImage.swift */ = {isa = PBXFileReference; lastKnownFileType = sourcecode.swift; path = HeaderImage.swift; sourceTree = "<group>"; };
		FA7871662884A51C00F5E6AE /* HeaderImage.xib */ = {isa = PBXFileReference; lastKnownFileType = file.xib; path = HeaderImage.xib; sourceTree = "<group>"; };
		FA7871692884B9EA00F5E6AE /* UIColor.swift */ = {isa = PBXFileReference; lastKnownFileType = sourcecode.swift; path = UIColor.swift; sourceTree = "<group>"; };
		FA78716F2884BBC100F5E6AE /* NavigationBar.xib */ = {isa = PBXFileReference; lastKnownFileType = file.xib; path = NavigationBar.xib; sourceTree = "<group>"; };
		FA7871722884C2A900F5E6AE /* CarTableViewCell.swift */ = {isa = PBXFileReference; lastKnownFileType = sourcecode.swift; path = CarTableViewCell.swift; sourceTree = "<group>"; };
		FA7871732884C2A900F5E6AE /* CarTableViewCell.xib */ = {isa = PBXFileReference; lastKnownFileType = file.xib; path = CarTableViewCell.xib; sourceTree = "<group>"; };
		FA7871762884C2C100F5E6AE /* ExpandedCarTableViewCell.swift */ = {isa = PBXFileReference; lastKnownFileType = sourcecode.swift; path = ExpandedCarTableViewCell.swift; sourceTree = "<group>"; };
		FA7871772884C2C100F5E6AE /* ExpandedCarTableViewCell.xib */ = {isa = PBXFileReference; lastKnownFileType = file.xib; path = ExpandedCarTableViewCell.xib; sourceTree = "<group>"; };
		FA78717A2884E08500F5E6AE /* FetchCars.swift */ = {isa = PBXFileReference; lastKnownFileType = sourcecode.swift; path = FetchCars.swift; sourceTree = "<group>"; };
		FA78717C2884E12C00F5E6AE /* CarsService.swift */ = {isa = PBXFileReference; lastKnownFileType = sourcecode.swift; path = CarsService.swift; sourceTree = "<group>"; };
		FA78717F2884E6DB00F5E6AE /* LabelViewModel.swift */ = {isa = PBXFileReference; lastKnownFileType = sourcecode.swift; path = LabelViewModel.swift; sourceTree = "<group>"; };
		FA7871812884EF6300F5E6AE /* SeparatorTableViewCell.swift */ = {isa = PBXFileReference; lastKnownFileType = sourcecode.swift; path = SeparatorTableViewCell.swift; sourceTree = "<group>"; };
		FA7871822884EF6300F5E6AE /* SeparatorTableViewCell.xib */ = {isa = PBXFileReference; lastKnownFileType = file.xib; path = SeparatorTableViewCell.xib; sourceTree = "<group>"; };
		FA7871852884F25500F5E6AE /* CarsTableViewCellFactory.swift */ = {isa = PBXFileReference; lastKnownFileType = sourcecode.swift; path = CarsTableViewCellFactory.swift; sourceTree = "<group>"; };
		FA7871872884F75C00F5E6AE /* FetchImage.swift */ = {isa = PBXFileReference; lastKnownFileType = sourcecode.swift; path = FetchImage.swift; sourceTree = "<group>"; };
		FA78718A28851BC000F5E6AE /* FilterView.swift */ = {isa = PBXFileReference; lastKnownFileType = sourcecode.swift; path = FilterView.swift; sourceTree = "<group>"; };
		FA78718C28851BD400F5E6AE /* FilterView.xib */ = {isa = PBXFileReference; lastKnownFileType = file.xib; path = FilterView.xib; sourceTree = "<group>"; };
		FA78718E2885F06600F5E6AE /* CustomView.swift */ = {isa = PBXFileReference; lastKnownFileType = sourcecode.swift; path = CustomView.swift; sourceTree = "<group>"; };
		FA7871902885F24300F5E6AE /* CarsTableViewItem.swift */ = {isa = PBXFileReference; lastKnownFileType = sourcecode.swift; path = CarsTableViewItem.swift; sourceTree = "<group>"; };
		FA7871942886083400F5E6AE /* CarsStorage.swift */ = {isa = PBXFileReference; lastKnownFileType = sourcecode.swift; path = CarsStorage.swift; sourceTree = "<group>"; };
		FA9FFAC7288722BA0081AAB3 /* NavigationBar.swift */ = {isa = PBXFileReference; fileEncoding = 4; lastKnownFileType = sourcecode.swift; path = NavigationBar.swift; sourceTree = "<group>"; };
/* End PBXFileReference section */

/* Begin PBXFrameworksBuildPhase section */
		FA316E0828831840009800D2 /* Frameworks */ = {
			isa = PBXFrameworksBuildPhase;
			buildActionMask = 2147483647;
			files = (
			);
			runOnlyForDeploymentPostprocessing = 0;
		};
		FA316E2128831842009800D2 /* Frameworks */ = {
			isa = PBXFrameworksBuildPhase;
			buildActionMask = 2147483647;
			files = (
			);
			runOnlyForDeploymentPostprocessing = 0;
		};
/* End PBXFrameworksBuildPhase section */

/* Begin PBXGroup section */
		FA316E0228831840009800D2 = {
			isa = PBXGroup;
			children = (
				FA316E0D28831840009800D2 /* Guidomia */,
				FA316E2728831842009800D2 /* GuidomiaTests */,
				FA316E0C28831840009800D2 /* Products */,
			);
			sourceTree = "<group>";
		};
		FA316E0C28831840009800D2 /* Products */ = {
			isa = PBXGroup;
			children = (
				FA316E0B28831840009800D2 /* Guidomia.app */,
				FA316E2428831842009800D2 /* GuidomiaTests.xctest */,
			);
			name = Products;
			sourceTree = "<group>";
		};
		FA316E0D28831840009800D2 /* Guidomia */ = {
			isa = PBXGroup;
			children = (
				FA7871682884B9CB00F5E6AE /* Extension */,
				FA316E482883202B009800D2 /* Entity */,
				FA316E4528832007009800D2 /* Service */,
				FA316E4428831FFF009800D2 /* UseCase */,
				FA316E4328831FF4009800D2 /* Presenter */,
				FA316E4228831FED009800D2 /* View */,
				FA316E4128831FDB009800D2 /* Resources */,
				FA316E0E28831840009800D2 /* AppDelegate.swift */,
				FA316E1028831840009800D2 /* SceneDelegate.swift */,
				FA316E1428831840009800D2 /* Main.storyboard */,
				FA316E1A28831842009800D2 /* Assets.xcassets */,
				FA316E1C28831842009800D2 /* LaunchScreen.storyboard */,
				FA316E1F28831842009800D2 /* Info.plist */,
			);
			path = Guidomia;
			sourceTree = "<group>";
		};
		FA316E2728831842009800D2 /* GuidomiaTests */ = {
			isa = PBXGroup;
			children = (
				FA316E2828831842009800D2 /* GuidomiaTests.swift */,
				FA316E2A28831842009800D2 /* Info.plist */,
			);
			path = GuidomiaTests;
			sourceTree = "<group>";
		};
		FA316E4128831FDB009800D2 /* Resources */ = {
			isa = PBXGroup;
			children = (
				FA316E462883201D009800D2 /* car_list.json */,
			);
			path = Resources;
			sourceTree = "<group>";
		};
		FA316E4228831FED009800D2 /* View */ = {
			isa = PBXGroup;
			children = (
				FA7871712884C28C00F5E6AE /* Cells */,
				FA7871632884A40300F5E6AE /* CustomView */,
				FA316E1228831840009800D2 /* CarsViewController.swift */,
			);
			path = View;
			sourceTree = "<group>";
		};
		FA316E4328831FF4009800D2 /* Presenter */ = {
			isa = PBXGroup;
			children = (
				FA316E4D288322AE009800D2 /* CarsPresenter.swift */,
			);
			path = Presenter;
			sourceTree = "<group>";
		};
		FA316E4428831FFF009800D2 /* UseCase */ = {
			isa = PBXGroup;
			children = (
				FA78717A2884E08500F5E6AE /* FetchCars.swift */,
				FA7871872884F75C00F5E6AE /* FetchImage.swift */,
			);
			path = UseCase;
			sourceTree = "<group>";
		};
		FA316E4528832007009800D2 /* Service */ = {
			isa = PBXGroup;
			children = (
				FA78717C2884E12C00F5E6AE /* CarsService.swift */,
				FA7871942886083400F5E6AE /* CarsStorage.swift */,
			);
			path = Service;
			sourceTree = "<group>";
		};
		FA316E482883202B009800D2 /* Entity */ = {
			isa = PBXGroup;
			children = (
				FA316E4928832105009800D2 /* Car.swift */,
			);
			path = Entity;
			sourceTree = "<group>";
		};
		FA7871632884A40300F5E6AE /* CustomView */ = {
			isa = PBXGroup;
			children = (
				FA78718928851BA200F5E6AE /* Filter */,
				FA78716C2884BB8000F5E6AE /* NavigationBar */,
				FA78716B2884BB7200F5E6AE /* HeaderImage */,
				FA78718E2885F06600F5E6AE /* CustomView.swift */,
			);
			path = CustomView;
			sourceTree = "<group>";
		};
		FA7871682884B9CB00F5E6AE /* Extension */ = {
			isa = PBXGroup;
			children = (
				FA7871692884B9EA00F5E6AE /* UIColor.swift */,
				FA78717F2884E6DB00F5E6AE /* LabelViewModel.swift */,
			);
			path = Extension;
			sourceTree = "<group>";
		};
		FA78716B2884BB7200F5E6AE /* HeaderImage */ = {
			isa = PBXGroup;
			children = (
				FA7871642884A50C00F5E6AE /* HeaderImage.swift */,
				FA7871662884A51C00F5E6AE /* HeaderImage.xib */,
			);
			path = HeaderImage;
			sourceTree = "<group>";
		};
		FA78716C2884BB8000F5E6AE /* NavigationBar */ = {
			isa = PBXGroup;
			children = (
				FA9FFAC7288722BA0081AAB3 /* NavigationBar.swift */,
				FA78716F2884BBC100F5E6AE /* NavigationBar.xib */,
			);
			path = NavigationBar;
			sourceTree = "<group>";
		};
		FA7871712884C28C00F5E6AE /* Cells */ = {
			isa = PBXGroup;
			children = (
				FA7871722884C2A900F5E6AE /* CarTableViewCell.swift */,
				FA7871732884C2A900F5E6AE /* CarTableViewCell.xib */,
				FA7871762884C2C100F5E6AE /* ExpandedCarTableViewCell.swift */,
				FA7871772884C2C100F5E6AE /* ExpandedCarTableViewCell.xib */,
				FA7871812884EF6300F5E6AE /* SeparatorTableViewCell.swift */,
				FA7871822884EF6300F5E6AE /* SeparatorTableViewCell.xib */,
				FA7871852884F25500F5E6AE /* CarsTableViewCellFactory.swift */,
				FA7871902885F24300F5E6AE /* CarsTableViewItem.swift */,
			);
			path = Cells;
			sourceTree = "<group>";
		};
		FA78718928851BA200F5E6AE /* Filter */ = {
			isa = PBXGroup;
			children = (
				FA78718A28851BC000F5E6AE /* FilterView.swift */,
				FA78718C28851BD400F5E6AE /* FilterView.xib */,
			);
			path = Filter;
			sourceTree = "<group>";
		};
/* End PBXGroup section */

/* Begin PBXNativeTarget section */
		FA316E0A28831840009800D2 /* Guidomia */ = {
			isa = PBXNativeTarget;
			buildConfigurationList = FA316E3828831842009800D2 /* Build configuration list for PBXNativeTarget "Guidomia" */;
			buildPhases = (
				FA316E0728831840009800D2 /* Sources */,
				FA316E0828831840009800D2 /* Frameworks */,
				FA316E0928831840009800D2 /* Resources */,
			);
			buildRules = (
			);
			dependencies = (
			);
			name = Guidomia;
			productName = Guidomia;
			productReference = FA316E0B28831840009800D2 /* Guidomia.app */;
			productType = "com.apple.product-type.application";
		};
		FA316E2328831842009800D2 /* GuidomiaTests */ = {
			isa = PBXNativeTarget;
			buildConfigurationList = FA316E3B28831842009800D2 /* Build configuration list for PBXNativeTarget "GuidomiaTests" */;
			buildPhases = (
				FA316E2028831842009800D2 /* Sources */,
				FA316E2128831842009800D2 /* Frameworks */,
				FA316E2228831842009800D2 /* Resources */,
			);
			buildRules = (
			);
			dependencies = (
				FA316E2628831842009800D2 /* PBXTargetDependency */,
			);
			name = GuidomiaTests;
			productName = GuidomiaTests;
			productReference = FA316E2428831842009800D2 /* GuidomiaTests.xctest */;
			productType = "com.apple.product-type.bundle.unit-test";
		};
/* End PBXNativeTarget section */

/* Begin PBXProject section */
		FA316E0328831840009800D2 /* Project object */ = {
			isa = PBXProject;
			attributes = {
				LastSwiftUpdateCheck = 1250;
				LastUpgradeCheck = 1250;
				TargetAttributes = {
					FA316E0A28831840009800D2 = {
						CreatedOnToolsVersion = 12.5.1;
					};
					FA316E2328831842009800D2 = {
						CreatedOnToolsVersion = 12.5.1;
						TestTargetID = FA316E0A28831840009800D2;
					};
				};
			};
			buildConfigurationList = FA316E0628831840009800D2 /* Build configuration list for PBXProject "Guidomia" */;
			compatibilityVersion = "Xcode 9.3";
			developmentRegion = en;
			hasScannedForEncodings = 0;
			knownRegions = (
				en,
				Base,
			);
			mainGroup = FA316E0228831840009800D2;
			productRefGroup = FA316E0C28831840009800D2 /* Products */;
			projectDirPath = "";
			projectRoot = "";
			targets = (
				FA316E0A28831840009800D2 /* Guidomia */,
				FA316E2328831842009800D2 /* GuidomiaTests */,
			);
		};
/* End PBXProject section */

/* Begin PBXResourcesBuildPhase section */
		FA316E0928831840009800D2 /* Resources */ = {
			isa = PBXResourcesBuildPhase;
			buildActionMask = 2147483647;
			files = (
				FA78718D28851BD400F5E6AE /* FilterView.xib in Resources */,
				FA316E1E28831842009800D2 /* LaunchScreen.storyboard in Resources */,
				FA7871752884C2A900F5E6AE /* CarTableViewCell.xib in Resources */,
				FA316E1B28831842009800D2 /* Assets.xcassets in Resources */,
				FA316E472883201D009800D2 /* car_list.json in Resources */,
				FA7871702884BBC100F5E6AE /* NavigationBar.xib in Resources */,
				FA7871672884A51C00F5E6AE /* HeaderImage.xib in Resources */,
				FA7871842884EF6300F5E6AE /* SeparatorTableViewCell.xib in Resources */,
				FA316E1628831840009800D2 /* Main.storyboard in Resources */,
				FA7871792884C2C100F5E6AE /* ExpandedCarTableViewCell.xib in Resources */,
			);
			runOnlyForDeploymentPostprocessing = 0;
		};
		FA316E2228831842009800D2 /* Resources */ = {
			isa = PBXResourcesBuildPhase;
			buildActionMask = 2147483647;
			files = (
			);
			runOnlyForDeploymentPostprocessing = 0;
		};
/* End PBXResourcesBuildPhase section */

/* Begin PBXSourcesBuildPhase section */
		FA316E0728831840009800D2 /* Sources */ = {
			isa = PBXSourcesBuildPhase;
			buildActionMask = 2147483647;
			files = (
				FA78717B2884E08500F5E6AE /* FetchCars.swift in Sources */,
				FA316E1328831840009800D2 /* CarsViewController.swift in Sources */,
				FA316E4A28832105009800D2 /* Car.swift in Sources */,
				FA78718B28851BC000F5E6AE /* FilterView.swift in Sources */,
				FA7871882884F75C00F5E6AE /* FetchImage.swift in Sources */,
				FA316E4E288322AE009800D2 /* CarsPresenter.swift in Sources */,
				FA78718F2885F06600F5E6AE /* CustomView.swift in Sources */,
				FA78717D2884E12C00F5E6AE /* CarsService.swift in Sources */,
				FA7871832884EF6300F5E6AE /* SeparatorTableViewCell.swift in Sources */,
				FA7871742884C2A900F5E6AE /* CarTableViewCell.swift in Sources */,
				FA7871952886083400F5E6AE /* CarsStorage.swift in Sources */,
				FA316E0F28831840009800D2 /* AppDelegate.swift in Sources */,
				FA7871912885F24300F5E6AE /* CarsTableViewItem.swift in Sources */,
				FA7871782884C2C100F5E6AE /* ExpandedCarTableViewCell.swift in Sources */,
				FA78716A2884B9EA00F5E6AE /* UIColor.swift in Sources */,
				FA9FFAC8288722BA0081AAB3 /* NavigationBar.swift in Sources */,
				FA7871802884E6DB00F5E6AE /* LabelViewModel.swift in Sources */,
				FA7871862884F25500F5E6AE /* CarsTableViewCellFactory.swift in Sources */,
				FA316E1128831840009800D2 /* SceneDelegate.swift in Sources */,
				FA7871652884A50C00F5E6AE /* HeaderImage.swift in Sources */,
			);
			runOnlyForDeploymentPostprocessing = 0;
		};
		FA316E2028831842009800D2 /* Sources */ = {
			isa = PBXSourcesBuildPhase;
			buildActionMask = 2147483647;
			files = (
				FA316E2928831842009800D2 /* GuidomiaTests.swift in Sources */,
			);
			runOnlyForDeploymentPostprocessing = 0;
		};
/* End PBXSourcesBuildPhase section */

/* Begin PBXTargetDependency section */
		FA316E2628831842009800D2 /* PBXTargetDependency */ = {
			isa = PBXTargetDependency;
			target = FA316E0A28831840009800D2 /* Guidomia */;
			targetProxy = FA316E2528831842009800D2 /* PBXContainerItemProxy */;
		};
/* End PBXTargetDependency section */

/* Begin PBXVariantGroup section */
		FA316E1428831840009800D2 /* Main.storyboard */ = {
			isa = PBXVariantGroup;
			children = (
				FA316E1528831840009800D2 /* Base */,
			);
			name = Main.storyboard;
			sourceTree = "<group>";
		};
		FA316E1C28831842009800D2 /* LaunchScreen.storyboard */ = {
			isa = PBXVariantGroup;
			children = (
				FA316E1D28831842009800D2 /* Base */,
			);
			name = LaunchScreen.storyboard;
			sourceTree = "<group>";
		};
/* End PBXVariantGroup section */

/* Begin XCBuildConfiguration section */
		FA316E3628831842009800D2 /* Debug */ = {
			isa = XCBuildConfiguration;
			buildSettings = {
				ALWAYS_SEARCH_USER_PATHS = NO;
				CLANG_ANALYZER_NONNULL = YES;
				CLANG_ANALYZER_NUMBER_OBJECT_CONVERSION = YES_AGGRESSIVE;
				CLANG_CXX_LANGUAGE_STANDARD = "gnu++14";
				CLANG_CXX_LIBRARY = "libc++";
				CLANG_ENABLE_MODULES = YES;
				CLANG_ENABLE_OBJC_ARC = YES;
				CLANG_ENABLE_OBJC_WEAK = YES;
				CLANG_WARN_BLOCK_CAPTURE_AUTORELEASING = YES;
				CLANG_WARN_BOOL_CONVERSION = YES;
				CLANG_WARN_COMMA = YES;
				CLANG_WARN_CONSTANT_CONVERSION = YES;
				CLANG_WARN_DEPRECATED_OBJC_IMPLEMENTATIONS = YES;
				CLANG_WARN_DIRECT_OBJC_ISA_USAGE = YES_ERROR;
				CLANG_WARN_DOCUMENTATION_COMMENTS = YES;
				CLANG_WARN_EMPTY_BODY = YES;
				CLANG_WARN_ENUM_CONVERSION = YES;
				CLANG_WARN_INFINITE_RECURSION = YES;
				CLANG_WARN_INT_CONVERSION = YES;
				CLANG_WARN_NON_LITERAL_NULL_CONVERSION = YES;
				CLANG_WARN_OBJC_IMPLICIT_RETAIN_SELF = YES;
				CLANG_WARN_OBJC_LITERAL_CONVERSION = YES;
				CLANG_WARN_OBJC_ROOT_CLASS = YES_ERROR;
				CLANG_WARN_QUOTED_INCLUDE_IN_FRAMEWORK_HEADER = YES;
				CLANG_WARN_RANGE_LOOP_ANALYSIS = YES;
				CLANG_WARN_STRICT_PROTOTYPES = YES;
				CLANG_WARN_SUSPICIOUS_MOVE = YES;
				CLANG_WARN_UNGUARDED_AVAILABILITY = YES_AGGRESSIVE;
				CLANG_WARN_UNREACHABLE_CODE = YES;
				CLANG_WARN__DUPLICATE_METHOD_MATCH = YES;
				COPY_PHASE_STRIP = NO;
				DEBUG_INFORMATION_FORMAT = dwarf;
				ENABLE_STRICT_OBJC_MSGSEND = YES;
				ENABLE_TESTABILITY = YES;
				GCC_C_LANGUAGE_STANDARD = gnu11;
				GCC_DYNAMIC_NO_PIC = NO;
				GCC_NO_COMMON_BLOCKS = YES;
				GCC_OPTIMIZATION_LEVEL = 0;
				GCC_PREPROCESSOR_DEFINITIONS = (
					"DEBUG=1",
					"$(inherited)",
				);
				GCC_WARN_64_TO_32_BIT_CONVERSION = YES;
				GCC_WARN_ABOUT_RETURN_TYPE = YES_ERROR;
				GCC_WARN_UNDECLARED_SELECTOR = YES;
				GCC_WARN_UNINITIALIZED_AUTOS = YES_AGGRESSIVE;
				GCC_WARN_UNUSED_FUNCTION = YES;
				GCC_WARN_UNUSED_VARIABLE = YES;
				IPHONEOS_DEPLOYMENT_TARGET = 14.5;
				MTL_ENABLE_DEBUG_INFO = INCLUDE_SOURCE;
				MTL_FAST_MATH = YES;
				ONLY_ACTIVE_ARCH = YES;
				SDKROOT = iphoneos;
				SWIFT_ACTIVE_COMPILATION_CONDITIONS = DEBUG;
				SWIFT_OPTIMIZATION_LEVEL = "-Onone";
			};
			name = Debug;
		};
		FA316E3728831842009800D2 /* Release */ = {
			isa = XCBuildConfiguration;
			buildSettings = {
				ALWAYS_SEARCH_USER_PATHS = NO;
				CLANG_ANALYZER_NONNULL = YES;
				CLANG_ANALYZER_NUMBER_OBJECT_CONVERSION = YES_AGGRESSIVE;
				CLANG_CXX_LANGUAGE_STANDARD = "gnu++14";
				CLANG_CXX_LIBRARY = "libc++";
				CLANG_ENABLE_MODULES = YES;
				CLANG_ENABLE_OBJC_ARC = YES;
				CLANG_ENABLE_OBJC_WEAK = YES;
				CLANG_WARN_BLOCK_CAPTURE_AUTORELEASING = YES;
				CLANG_WARN_BOOL_CONVERSION = YES;
				CLANG_WARN_COMMA = YES;
				CLANG_WARN_CONSTANT_CONVERSION = YES;
				CLANG_WARN_DEPRECATED_OBJC_IMPLEMENTATIONS = YES;
				CLANG_WARN_DIRECT_OBJC_ISA_USAGE = YES_ERROR;
				CLANG_WARN_DOCUMENTATION_COMMENTS = YES;
				CLANG_WARN_EMPTY_BODY = YES;
				CLANG_WARN_ENUM_CONVERSION = YES;
				CLANG_WARN_INFINITE_RECURSION = YES;
				CLANG_WARN_INT_CONVERSION = YES;
				CLANG_WARN_NON_LITERAL_NULL_CONVERSION = YES;
				CLANG_WARN_OBJC_IMPLICIT_RETAIN_SELF = YES;
				CLANG_WARN_OBJC_LITERAL_CONVERSION = YES;
				CLANG_WARN_OBJC_ROOT_CLASS = YES_ERROR;
				CLANG_WARN_QUOTED_INCLUDE_IN_FRAMEWORK_HEADER = YES;
				CLANG_WARN_RANGE_LOOP_ANALYSIS = YES;
				CLANG_WARN_STRICT_PROTOTYPES = YES;
				CLANG_WARN_SUSPICIOUS_MOVE = YES;
				CLANG_WARN_UNGUARDED_AVAILABILITY = YES_AGGRESSIVE;
				CLANG_WARN_UNREACHABLE_CODE = YES;
				CLANG_WARN__DUPLICATE_METHOD_MATCH = YES;
				COPY_PHASE_STRIP = NO;
				DEBUG_INFORMATION_FORMAT = "dwarf-with-dsym";
				ENABLE_NS_ASSERTIONS = NO;
				ENABLE_STRICT_OBJC_MSGSEND = YES;
				GCC_C_LANGUAGE_STANDARD = gnu11;
				GCC_NO_COMMON_BLOCKS = YES;
				GCC_WARN_64_TO_32_BIT_CONVERSION = YES;
				GCC_WARN_ABOUT_RETURN_TYPE = YES_ERROR;
				GCC_WARN_UNDECLARED_SELECTOR = YES;
				GCC_WARN_UNINITIALIZED_AUTOS = YES_AGGRESSIVE;
				GCC_WARN_UNUSED_FUNCTION = YES;
				GCC_WARN_UNUSED_VARIABLE = YES;
				IPHONEOS_DEPLOYMENT_TARGET = 14.5;
				MTL_ENABLE_DEBUG_INFO = NO;
				MTL_FAST_MATH = YES;
				SDKROOT = iphoneos;
				SWIFT_COMPILATION_MODE = wholemodule;
				SWIFT_OPTIMIZATION_LEVEL = "-O";
				VALIDATE_PRODUCT = YES;
			};
			name = Release;
		};
		FA316E3928831842009800D2 /* Debug */ = {
			isa = XCBuildConfiguration;
			buildSettings = {
				ASSETCATALOG_COMPILER_APPICON_NAME = AppIcon;
				ASSETCATALOG_COMPILER_GLOBAL_ACCENT_COLOR_NAME = AccentColor;
				CODE_SIGN_STYLE = Automatic;
				DEVELOPMENT_TEAM = QUWN7GALHC;
				INFOPLIST_FILE = Guidomia/Info.plist;
				LD_RUNPATH_SEARCH_PATHS = (
					"$(inherited)",
					"@executable_path/Frameworks",
				);
				PRODUCT_BUNDLE_IDENTIFIER = com.rodrigoVelazquez.Guidomia;
				PRODUCT_NAME = "$(TARGET_NAME)";
				SWIFT_VERSION = 5.0;
				TARGETED_DEVICE_FAMILY = 1;
			};
			name = Debug;
		};
		FA316E3A28831842009800D2 /* Release */ = {
			isa = XCBuildConfiguration;
			buildSettings = {
				ASSETCATALOG_COMPILER_APPICON_NAME = AppIcon;
				ASSETCATALOG_COMPILER_GLOBAL_ACCENT_COLOR_NAME = AccentColor;
				CODE_SIGN_STYLE = Automatic;
				DEVELOPMENT_TEAM = QUWN7GALHC;
				INFOPLIST_FILE = Guidomia/Info.plist;
				LD_RUNPATH_SEARCH_PATHS = (
					"$(inherited)",
					"@executable_path/Frameworks",
				);
				PRODUCT_BUNDLE_IDENTIFIER = com.rodrigoVelazquez.Guidomia;
				PRODUCT_NAME = "$(TARGET_NAME)";
				SWIFT_VERSION = 5.0;
				TARGETED_DEVICE_FAMILY = 1;
			};
			name = Release;
		};
		FA316E3C28831842009800D2 /* Debug */ = {
			isa = XCBuildConfiguration;
			buildSettings = {
				ALWAYS_EMBED_SWIFT_STANDARD_LIBRARIES = YES;
				BUNDLE_LOADER = "$(TEST_HOST)";
				CODE_SIGN_STYLE = Automatic;
				DEVELOPMENT_TEAM = QUWN7GALHC;
				INFOPLIST_FILE = GuidomiaTests/Info.plist;
				IPHONEOS_DEPLOYMENT_TARGET = 14.5;
				LD_RUNPATH_SEARCH_PATHS = (
					"$(inherited)",
					"@executable_path/Frameworks",
					"@loader_path/Frameworks",
				);
				PRODUCT_BUNDLE_IDENTIFIER = com.rodrigoVelazquez.GuidomiaTests;
				PRODUCT_NAME = "$(TARGET_NAME)";
				SWIFT_VERSION = 5.0;
				TARGETED_DEVICE_FAMILY = "1,2";
				TEST_HOST = "$(BUILT_PRODUCTS_DIR)/Guidomia.app/Guidomia";
			};
			name = Debug;
		};
		FA316E3D28831842009800D2 /* Release */ = {
			isa = XCBuildConfiguration;
			buildSettings = {
				ALWAYS_EMBED_SWIFT_STANDARD_LIBRARIES = YES;
				BUNDLE_LOADER = "$(TEST_HOST)";
				CODE_SIGN_STYLE = Automatic;
				DEVELOPMENT_TEAM = QUWN7GALHC;
				INFOPLIST_FILE = GuidomiaTests/Info.plist;
				IPHONEOS_DEPLOYMENT_TARGET = 14.5;
				LD_RUNPATH_SEARCH_PATHS = (
					"$(inherited)",
					"@executable_path/Frameworks",
					"@loader_path/Frameworks",
				);
				PRODUCT_BUNDLE_IDENTIFIER = com.rodrigoVelazquez.GuidomiaTests;
				PRODUCT_NAME = "$(TARGET_NAME)";
				SWIFT_VERSION = 5.0;
				TARGETED_DEVICE_FAMILY = "1,2";
				TEST_HOST = "$(BUILT_PRODUCTS_DIR)/Guidomia.app/Guidomia";
			};
			name = Release;
		};
/* End XCBuildConfiguration section */

/* Begin XCConfigurationList section */
		FA316E0628831840009800D2 /* Build configuration list for PBXProject "Guidomia" */ = {
			isa = XCConfigurationList;
			buildConfigurations = (
				FA316E3628831842009800D2 /* Debug */,
				FA316E3728831842009800D2 /* Release */,
			);
			defaultConfigurationIsVisible = 0;
			defaultConfigurationName = Release;
		};
		FA316E3828831842009800D2 /* Build configuration list for PBXNativeTarget "Guidomia" */ = {
			isa = XCConfigurationList;
			buildConfigurations = (
				FA316E3928831842009800D2 /* Debug */,
				FA316E3A28831842009800D2 /* Release */,
			);
			defaultConfigurationIsVisible = 0;
			defaultConfigurationName = Release;
		};
		FA316E3B28831842009800D2 /* Build configuration list for PBXNativeTarget "GuidomiaTests" */ = {
			isa = XCConfigurationList;
			buildConfigurations = (
				FA316E3C28831842009800D2 /* Debug */,
				FA316E3D28831842009800D2 /* Release */,
			);
			defaultConfigurationIsVisible = 0;
			defaultConfigurationName = Release;
		};
/* End XCConfigurationList section */
	};
	rootObject = FA316E0328831840009800D2 /* Project object */;
}
